{
  "name": "basic-http-authentication",
  "lockfileVersion": 3,
  "requires": true,
  "packages": {
    "": {
      "dependencies": {
        "http-auth": "^4.2.1"
      }
    },
    "node_modules/apache-crypt": {
      "version": "1.2.6",
      "resolved": "https://registry.npmjs.org/apache-crypt/-/apache-crypt-1.2.6.tgz",
      "integrity": "sha512-072WetlM4blL8PREJVeY+WHiUh1R5VNt2HfceGS8aKqttPHcmqE5pkKuXPz/ULmJOFkc8Hw3kfKl6vy7Qka6DA==",
      "license": "MIT",
      "dependencies": {
        "unix-crypt-td-js": "^1.1.4"
      },
      "engines": {
        "node": ">=8"
      }
    },
    "node_modules/apache-md5": {
      "version": "1.1.8",
      "resolved": "https://registry.npmjs.org/apache-md5/-/apache-md5-1.1.8.tgz",
      "integrity": "sha512-FCAJojipPn0bXjuEpjOOOMN8FZDkxfWWp4JGN9mifU2IhxvKyXZYqpzPHdnTSUpmPDy+tsslB6Z1g+Vg6nVbYA==",
      "license": "MIT",
      "engines": {
        "node": ">=8"
      }
    },
    "node_modules/bcryptjs": {
      "version": "3.0.2",
      "resolved": "https://registry.npmjs.org/bcryptjs/-/bcryptjs-3.0.2.tgz",
      "integrity": "sha512-k38b3XOZKv60C4E2hVsXTolJWfkGRMbILBIe2IBITXciy5bOsTKot5kDrf3ZfufQtQOUN5mXceUEpU1rTl9Uog==",
      "license": "BSD-3-Clause",
      "bin": {
        "bcrypt": "bin/bcrypt"
      }
    },
    "node_modules/http-auth": {
      "version": "4.2.1",
      "resolved": "https://registry.npmjs.org/http-auth/-/http-auth-4.2.1.tgz",
      "integrity": "sha512-wPusoNYWQPhx7fEziZD19vyF3iLGt5oDsjzWS8ruxfVReEi1MOCSE2H5TkYt53kTdELGkD1rzc1NcYFI0aqKMQ==",
      "license": "MIT",
      "dependencies": {
        "apache-crypt": "^1.1.2",
        "apache-md5": "^1.0.6",
        "bcryptjs": "^2.4.3 || ^3.0.0",
        "uuid": ">=8.3.2 <12"
      },
      "engines": {
        "node": ">=8"
      }
    },
    "node_modules/unix-crypt-td-js": {
      "version": "1.1.4",
      "resolved": "https://registry.npmjs.org/unix-crypt-td-js/-/unix-crypt-td-js-1.1.4.tgz",
      "integrity": "sha512-8rMeVYWSIyccIJscb9NdCfZKSRBKYTeVnwmiRYT2ulE3qd1RaDQ0xQDP+rI3ccIWbhu/zuo5cgN8z73belNZgw==",
      "license": "BSD-3-Clause"
    },
    "node_modules/uuid": {
      "version": "11.1.0",
      "resolved": "https://registry.npmjs.org/uuid/-/uuid-11.1.0.tgz",
      "integrity": "sha512-0/A9rDy9P7cJ+8w1c9WD9V//9Wj15Ce2MPz8Ri6032usz+NfePxx5AcN3bN+r6ZL6jEo066/yNYB3tn4pQEx+A==",
      "funding": [
        "https://github.com/sponsors/broofa",
        "https://github.com/sponsors/ctavan"
      ],
      "license": "MIT",
      "bin": {
        "uuid": "dist/esm/bin/uuid"
      }
    }
  }
}
